// !$*UTF8*$!
{
	archiveVersion = 1;
	classes = {
	};
	objectVersion = 50;
	objects = {

/* Begin PBXBuildFile section */
		C942F9E425EE4B1000EC040F /* BadgeSymbol.swift in Sources */ = {isa = PBXBuildFile; fileRef = C942F9E325EE4B1000EC040F /* BadgeSymbol.swift */; };
		C942F9E825EE515100EC040F /* RotatedBadgeSymbol.swift in Sources */ = {isa = PBXBuildFile; fileRef = C942F9E725EE515100EC040F /* RotatedBadgeSymbol.swift */; };
		C942F9EC25EE51D500EC040F /* Badge.swift in Sources */ = {isa = PBXBuildFile; fileRef = C942F9EB25EE51D500EC040F /* Badge.swift */; };
		C942F9EF25EE54A500EC040F /* hikeData.json in Resources */ = {isa = PBXBuildFile; fileRef = C942F9EE25EE54A500EC040F /* hikeData.json */; };
		C942F9F225EE54E600EC040F /* Hike.swift in Sources */ = {isa = PBXBuildFile; fileRef = C942F9F125EE54E600EC040F /* Hike.swift */; };
		C942F9F925EE580B00EC040F /* GraphCapsule.swift in Sources */ = {isa = PBXBuildFile; fileRef = C942F9F525EE580B00EC040F /* GraphCapsule.swift */; };
		C942F9FA25EE580B00EC040F /* HikeGraph.swift in Sources */ = {isa = PBXBuildFile; fileRef = C942F9F625EE580B00EC040F /* HikeGraph.swift */; };
		C942F9FB25EE580B00EC040F /* HikeDetail.swift in Sources */ = {isa = PBXBuildFile; fileRef = C942F9F725EE580B00EC040F /* HikeDetail.swift */; };
		C942F9FC25EE580B00EC040F /* HikeView.swift in Sources */ = {isa = PBXBuildFile; fileRef = C942F9F825EE580B00EC040F /* HikeView.swift */; };
		C957993F25EEBB79000DBBE6 /* CategoryHome.swift in Sources */ = {isa = PBXBuildFile; fileRef = C957993E25EEBB79000DBBE6 /* CategoryHome.swift */; };
		C957994325EEC258000DBBE6 /* CategoryRow.swift in Sources */ = {isa = PBXBuildFile; fileRef = C957994225EEC258000DBBE6 /* CategoryRow.swift */; };
		C957994625EED04B000DBBE6 /* CategoryItem.swift in Sources */ = {isa = PBXBuildFile; fileRef = C957994525EED04B000DBBE6 /* CategoryItem.swift */; };
		C957994925EFCD40000DBBE6 /* Profile.swift in Sources */ = {isa = PBXBuildFile; fileRef = C957994825EFCD40000DBBE6 /* Profile.swift */; };
		C957994D25EFCE0B000DBBE6 /* ProfileHost.swift in Sources */ = {isa = PBXBuildFile; fileRef = C957994C25EFCE0B000DBBE6 /* ProfileHost.swift */; };
		C957995025EFCEE5000DBBE6 /* ProfileSummary.swift in Sources */ = {isa = PBXBuildFile; fileRef = C957994F25EFCEE5000DBBE6 /* ProfileSummary.swift */; };
		C957995325EFD8A2000DBBE6 /* HikeBadge.swift in Sources */ = {isa = PBXBuildFile; fileRef = C957995225EFD8A2000DBBE6 /* HikeBadge.swift */; };
		C957995625EFEA71000DBBE6 /* ProfileEditor.swift in Sources */ = {isa = PBXBuildFile; fileRef = C957995525EFEA71000DBBE6 /* ProfileEditor.swift */; };
		C967596525EAEF1300E6E64A /* LandmarksApp.swift in Sources */ = {isa = PBXBuildFile; fileRef = C967596425EAEF1300E6E64A /* LandmarksApp.swift */; };
		C967596825EAF22E00E6E64A /* FavouriteButton.swift in Sources */ = {isa = PBXBuildFile; fileRef = C967596725EAF22E00E6E64A /* FavouriteButton.swift */; };
		C98F07AB25E585E7006753F8 /* CircleImage.swift in Sources */ = {isa = PBXBuildFile; fileRef = C98F07AA25E585E7006753F8 /* CircleImage.swift */; };
		C98F07AE25E586F4006753F8 /* MapView.swift in Sources */ = {isa = PBXBuildFile; fileRef = C98F07AD25E586F4006753F8 /* MapView.swift */; };
		C98F07B125E5914E006753F8 /* landmarkData.json in Resources */ = {isa = PBXBuildFile; fileRef = C98F07B025E5914E006753F8 /* landmarkData.json */; };
		C98F07B425E5916C006753F8 /* Landmark.swift in Sources */ = {isa = PBXBuildFile; fileRef = C98F07B325E5916C006753F8 /* Landmark.swift */; };
		C98F07B825E596DD006753F8 /* ModelData.swift in Sources */ = {isa = PBXBuildFile; fileRef = C98F07B725E596DD006753F8 /* ModelData.swift */; };
		C98F07BE25E59A84006753F8 /* LandmarkRow.swift in Sources */ = {isa = PBXBuildFile; fileRef = C98F07BD25E59A84006753F8 /* LandmarkRow.swift */; };
		C98F07C225E5A0AB006753F8 /* LandmarkList.swift in Sources */ = {isa = PBXBuildFile; fileRef = C98F07C125E5A0AB006753F8 /* LandmarkList.swift */; };
		C98F07C525E5A1A2006753F8 /* LandmarkDetail.swift in Sources */ = {isa = PBXBuildFile; fileRef = C98F07C425E5A1A2006753F8 /* LandmarkDetail.swift */; };
		C9D98C7A25E57932009DD420 /* AppDelegate.swift in Sources */ = {isa = PBXBuildFile; fileRef = C9D98C7925E57932009DD420 /* AppDelegate.swift */; };
		C9D98C7C25E57932009DD420 /* SceneDelegate.swift in Sources */ = {isa = PBXBuildFile; fileRef = C9D98C7B25E57932009DD420 /* SceneDelegate.swift */; };
		C9D98C7E25E57932009DD420 /* ContentView.swift in Sources */ = {isa = PBXBuildFile; fileRef = C9D98C7D25E57932009DD420 /* ContentView.swift */; };
		C9D98C8025E57934009DD420 /* Assets.xcassets in Resources */ = {isa = PBXBuildFile; fileRef = C9D98C7F25E57934009DD420 /* Assets.xcassets */; };
		C9D98C8325E57934009DD420 /* Preview Assets.xcassets in Resources */ = {isa = PBXBuildFile; fileRef = C9D98C8225E57934009DD420 /* Preview Assets.xcassets */; };
		C9D98C8625E57934009DD420 /* LaunchScreen.storyboard in Resources */ = {isa = PBXBuildFile; fileRef = C9D98C8425E57934009DD420 /* LaunchScreen.storyboard */; };
		C9EA881C25ED21B40063F860 /* HexagonParameters.swift in Sources */ = {isa = PBXBuildFile; fileRef = C9EA881B25ED21B40063F860 /* HexagonParameters.swift */; };
		C9EA881F25ED23030063F860 /* BadgeBackground.swift in Sources */ = {isa = PBXBuildFile; fileRef = C9EA881E25ED23030063F860 /* BadgeBackground.swift */; };
/* End PBXBuildFile section */

/* Begin PBXFileReference section */
		C942F9E325EE4B1000EC040F /* BadgeSymbol.swift */ = {isa = PBXFileReference; lastKnownFileType = sourcecode.swift; path = BadgeSymbol.swift; sourceTree = "<group>"; };
		C942F9E725EE515100EC040F /* RotatedBadgeSymbol.swift */ = {isa = PBXFileReference; lastKnownFileType = sourcecode.swift; path = RotatedBadgeSymbol.swift; sourceTree = "<group>"; };
		C942F9EB25EE51D500EC040F /* Badge.swift */ = {isa = PBXFileReference; lastKnownFileType = sourcecode.swift; path = Badge.swift; sourceTree = "<group>"; };
		C942F9EE25EE54A500EC040F /* hikeData.json */ = {isa = PBXFileReference; fileEncoding = 4; lastKnownFileType = text.json; path = hikeData.json; sourceTree = "<group>"; };
		C942F9F125EE54E600EC040F /* Hike.swift */ = {isa = PBXFileReference; lastKnownFileType = sourcecode.swift; path = Hike.swift; sourceTree = "<group>"; };
		C942F9F525EE580B00EC040F /* GraphCapsule.swift */ = {isa = PBXFileReference; fileEncoding = 4; lastKnownFileType = sourcecode.swift; path = GraphCapsule.swift; sourceTree = "<group>"; };
		C942F9F625EE580B00EC040F /* HikeGraph.swift */ = {isa = PBXFileReference; fileEncoding = 4; lastKnownFileType = sourcecode.swift; path = HikeGraph.swift; sourceTree = "<group>"; };
		C942F9F725EE580B00EC040F /* HikeDetail.swift */ = {isa = PBXFileReference; fileEncoding = 4; lastKnownFileType = sourcecode.swift; path = HikeDetail.swift; sourceTree = "<group>"; };
		C942F9F825EE580B00EC040F /* HikeView.swift */ = {isa = PBXFileReference; fileEncoding = 4; lastKnownFileType = sourcecode.swift; path = HikeView.swift; sourceTree = "<group>"; };
		C957993E25EEBB79000DBBE6 /* CategoryHome.swift */ = {isa = PBXFileReference; lastKnownFileType = sourcecode.swift; path = CategoryHome.swift; sourceTree = "<group>"; };
		C957994225EEC258000DBBE6 /* CategoryRow.swift */ = {isa = PBXFileReference; lastKnownFileType = sourcecode.swift; path = CategoryRow.swift; sourceTree = "<group>"; };
		C957994525EED04B000DBBE6 /* CategoryItem.swift */ = {isa = PBXFileReference; lastKnownFileType = sourcecode.swift; path = CategoryItem.swift; sourceTree = "<group>"; };
		C957994825EFCD40000DBBE6 /* Profile.swift */ = {isa = PBXFileReference; lastKnownFileType = sourcecode.swift; path = Profile.swift; sourceTree = "<group>"; };
		C957994C25EFCE0B000DBBE6 /* ProfileHost.swift */ = {isa = PBXFileReference; lastKnownFileType = sourcecode.swift; path = ProfileHost.swift; sourceTree = "<group>"; };
		C957994F25EFCEE5000DBBE6 /* ProfileSummary.swift */ = {isa = PBXFileReference; lastKnownFileType = sourcecode.swift; path = ProfileSummary.swift; sourceTree = "<group>"; };
		C957995225EFD8A2000DBBE6 /* HikeBadge.swift */ = {isa = PBXFileReference; lastKnownFileType = sourcecode.swift; path = HikeBadge.swift; sourceTree = "<group>"; };
		C957995525EFEA71000DBBE6 /* ProfileEditor.swift */ = {isa = PBXFileReference; lastKnownFileType = sourcecode.swift; path = ProfileEditor.swift; sourceTree = "<group>"; };
		C967596425EAEF1300E6E64A /* LandmarksApp.swift */ = {isa = PBXFileReference; lastKnownFileType = sourcecode.swift; path = LandmarksApp.swift; sourceTree = "<group>"; };
		C967596725EAF22E00E6E64A /* FavouriteButton.swift */ = {isa = PBXFileReference; lastKnownFileType = sourcecode.swift; path = FavouriteButton.swift; sourceTree = "<group>"; };
		C98F07AA25E585E7006753F8 /* CircleImage.swift */ = {isa = PBXFileReference; lastKnownFileType = sourcecode.swift; path = CircleImage.swift; sourceTree = "<group>"; };
		C98F07AD25E586F4006753F8 /* MapView.swift */ = {isa = PBXFileReference; lastKnownFileType = sourcecode.swift; path = MapView.swift; sourceTree = "<group>"; };
		C98F07B025E5914E006753F8 /* landmarkData.json */ = {isa = PBXFileReference; fileEncoding = 4; lastKnownFileType = text.json; path = landmarkData.json; sourceTree = "<group>"; };
		C98F07B325E5916C006753F8 /* Landmark.swift */ = {isa = PBXFileReference; lastKnownFileType = sourcecode.swift; path = Landmark.swift; sourceTree = "<group>"; };
		C98F07B725E596DD006753F8 /* ModelData.swift */ = {isa = PBXFileReference; lastKnownFileType = sourcecode.swift; path = ModelData.swift; sourceTree = "<group>"; };
		C98F07BD25E59A84006753F8 /* LandmarkRow.swift */ = {isa = PBXFileReference; lastKnownFileType = sourcecode.swift; path = LandmarkRow.swift; sourceTree = "<group>"; };
		C98F07C125E5A0AB006753F8 /* LandmarkList.swift */ = {isa = PBXFileReference; lastKnownFileType = sourcecode.swift; path = LandmarkList.swift; sourceTree = "<group>"; };
		C98F07C425E5A1A2006753F8 /* LandmarkDetail.swift */ = {isa = PBXFileReference; lastKnownFileType = sourcecode.swift; path = LandmarkDetail.swift; sourceTree = "<group>"; };
		C9D98C7625E57932009DD420 /* LandmarkApp.app */ = {isa = PBXFileReference; explicitFileType = wrapper.application; includeInIndex = 0; path = LandmarkApp.app; sourceTree = BUILT_PRODUCTS_DIR; };
		C9D98C7925E57932009DD420 /* AppDelegate.swift */ = {isa = PBXFileReference; lastKnownFileType = sourcecode.swift; path = AppDelegate.swift; sourceTree = "<group>"; };
		C9D98C7B25E57932009DD420 /* SceneDelegate.swift */ = {isa = PBXFileReference; lastKnownFileType = sourcecode.swift; path = SceneDelegate.swift; sourceTree = "<group>"; };
		C9D98C7D25E57932009DD420 /* ContentView.swift */ = {isa = PBXFileReference; lastKnownFileType = sourcecode.swift; path = ContentView.swift; sourceTree = "<group>"; };
		C9D98C7F25E57934009DD420 /* Assets.xcassets */ = {isa = PBXFileReference; lastKnownFileType = folder.assetcatalog; path = Assets.xcassets; sourceTree = "<group>"; };
		C9D98C8225E57934009DD420 /* Preview Assets.xcassets */ = {isa = PBXFileReference; lastKnownFileType = folder.assetcatalog; path = "Preview Assets.xcassets"; sourceTree = "<group>"; };
		C9D98C8525E57934009DD420 /* Base */ = {isa = PBXFileReference; lastKnownFileType = file.storyboard; name = Base; path = Base.lproj/LaunchScreen.storyboard; sourceTree = "<group>"; };
		C9D98C8725E57934009DD420 /* Info.plist */ = {isa = PBXFileReference; lastKnownFileType = text.plist.xml; path = Info.plist; sourceTree = "<group>"; };
		C9EA881B25ED21B40063F860 /* HexagonParameters.swift */ = {isa = PBXFileReference; lastKnownFileType = sourcecode.swift; path = HexagonParameters.swift; sourceTree = "<group>"; };
		C9EA881E25ED23030063F860 /* BadgeBackground.swift */ = {isa = PBXFileReference; lastKnownFileType = sourcecode.swift; path = BadgeBackground.swift; sourceTree = "<group>"; };
/* End PBXFileReference section */

/* Begin PBXFrameworksBuildPhase section */
		C9D98C7325E57932009DD420 /* Frameworks */ = {
			isa = PBXFrameworksBuildPhase;
			buildActionMask = 2147483647;
			files = (
			);
			runOnlyForDeploymentPostprocessing = 0;
		};
/* End PBXFrameworksBuildPhase section */

/* Begin PBXGroup section */
		C942F9E625EE512A00EC040F /* Badge */ = {
			isa = PBXGroup;
			children = (
				C942F9EB25EE51D500EC040F /* Badge.swift */,
				C9EA881E25ED23030063F860 /* BadgeBackground.swift */,
				C942F9E325EE4B1000EC040F /* BadgeSymbol.swift */,
				C942F9E725EE515100EC040F /* RotatedBadgeSymbol.swift */,
				C9EA881B25ED21B40063F860 /* HexagonParameters.swift */,
				C957995225EFD8A2000DBBE6 /* HikeBadge.swift */,
			);
			path = Badge;
			sourceTree = "<group>";
		};
		C942F9F425EE580B00EC040F /* Hikes */ = {
			isa = PBXGroup;
			children = (
				C942F9F525EE580B00EC040F /* GraphCapsule.swift */,
				C942F9F625EE580B00EC040F /* HikeGraph.swift */,
				C942F9F725EE580B00EC040F /* HikeDetail.swift */,
				C942F9F825EE580B00EC040F /* HikeView.swift */,
			);
			path = Hikes;
			sourceTree = "<group>";
		};
		C957993D25EEBB59000DBBE6 /* Categories */ = {
			isa = PBXGroup;
			children = (
				C957993E25EEBB79000DBBE6 /* CategoryHome.swift */,
				C957994225EEC258000DBBE6 /* CategoryRow.swift */,
				C957994525EED04B000DBBE6 /* CategoryItem.swift */,
			);
			path = Categories;
			sourceTree = "<group>";
		};
		C957994B25EFCDFA000DBBE6 /* Profiles */ = {
			isa = PBXGroup;
			children = (
				C957994C25EFCE0B000DBBE6 /* ProfileHost.swift */,
				C957994F25EFCEE5000DBBE6 /* ProfileSummary.swift */,
				C957995525EFEA71000DBBE6 /* ProfileEditor.swift */,
			);
			path = Profiles;
			sourceTree = "<group>";
		};
		C967596A25EAF2E200E6E64A /* Landmarks */ = {
			isa = PBXGroup;
			children = (
				C98F07C425E5A1A2006753F8 /* LandmarkDetail.swift */,
				C98F07BD25E59A84006753F8 /* LandmarkRow.swift */,
				C98F07C125E5A0AB006753F8 /* LandmarkList.swift */,
			);
			path = Landmarks;
			sourceTree = "<group>";
		};
		C967596B25EAF30B00E6E64A /* Helpers */ = {
			isa = PBXGroup;
			children = (
				C98F07AA25E585E7006753F8 /* CircleImage.swift */,
				C967596725EAF22E00E6E64A /* FavouriteButton.swift */,
				C98F07AD25E586F4006753F8 /* MapView.swift */,
			);
			path = Helpers;
			sourceTree = "<group>";
		};
		C98F07BA25E59817006753F8 /* Views */ = {
			isa = PBXGroup;
			children = (
				C957994B25EFCDFA000DBBE6 /* Profiles */,
				C957993D25EEBB59000DBBE6 /* Categories */,
				C942F9F425EE580B00EC040F /* Hikes */,
				C942F9E625EE512A00EC040F /* Badge */,
				C967596B25EAF30B00E6E64A /* Helpers */,
				C967596A25EAF2E200E6E64A /* Landmarks */,
				C9D98C7D25E57932009DD420 /* ContentView.swift */,
			);
			path = Views;
			sourceTree = "<group>";
		};
		C98F07BB25E5982B006753F8 /* Model */ = {
			isa = PBXGroup;
			children = (
				C98F07B325E5916C006753F8 /* Landmark.swift */,
				C98F07B725E596DD006753F8 /* ModelData.swift */,
				C942F9F125EE54E600EC040F /* Hike.swift */,
				C957994825EFCD40000DBBE6 /* Profile.swift */,
			);
			path = Model;
			sourceTree = "<group>";
		};
		C98F07BC25E5983C006753F8 /* Resources */ = {
			isa = PBXGroup;
			children = (
				C942F9EE25EE54A500EC040F /* hikeData.json */,
				C98F07B025E5914E006753F8 /* landmarkData.json */,
			);
			path = Resources;
			sourceTree = "<group>";
		};
		C9D98C6D25E57932009DD420 = {
			isa = PBXGroup;
			children = (
				C9D98C7825E57932009DD420 /* LandmarkApp */,
				C9D98C7725E57932009DD420 /* Products */,
			);
			sourceTree = "<group>";
		};
		C9D98C7725E57932009DD420 /* Products */ = {
			isa = PBXGroup;
			children = (
				C9D98C7625E57932009DD420 /* LandmarkApp.app */,
			);
			name = Products;
			sourceTree = "<group>";
		};
		C9D98C7825E57932009DD420 /* LandmarkApp */ = {
			isa = PBXGroup;
			children = (
				C98F07BC25E5983C006753F8 /* Resources */,
				C98F07BB25E5982B006753F8 /* Model */,
				C98F07BA25E59817006753F8 /* Views */,
				C9D98C7925E57932009DD420 /* AppDelegate.swift */,
				C967596425EAEF1300E6E64A /* LandmarksApp.swift */,
				C9D98C7B25E57932009DD420 /* SceneDelegate.swift */,
				C9D98C7F25E57934009DD420 /* Assets.xcassets */,
				C9D98C8425E57934009DD420 /* LaunchScreen.storyboard */,
				C9D98C8725E57934009DD420 /* Info.plist */,
				C9D98C8125E57934009DD420 /* Preview Content */,
			);
			path = LandmarkApp;
			sourceTree = "<group>";
		};
		C9D98C8125E57934009DD420 /* Preview Content */ = {
			isa = PBXGroup;
			children = (
				C9D98C8225E57934009DD420 /* Preview Assets.xcassets */,
			);
			path = "Preview Content";
			sourceTree = "<group>";
		};
/* End PBXGroup section */

/* Begin PBXNativeTarget section */
		C9D98C7525E57932009DD420 /* LandmarkApp */ = {
			isa = PBXNativeTarget;
			buildConfigurationList = C9D98C8A25E57934009DD420 /* Build configuration list for PBXNativeTarget "LandmarkApp" */;
			buildPhases = (
				C9D98C7225E57932009DD420 /* Sources */,
				C9D98C7325E57932009DD420 /* Frameworks */,
				C9D98C7425E57932009DD420 /* Resources */,
			);
			buildRules = (
			);
			dependencies = (
			);
			name = LandmarkApp;
			productName = LandmarkApp;
			productReference = C9D98C7625E57932009DD420 /* LandmarkApp.app */;
			productType = "com.apple.product-type.application";
		};
/* End PBXNativeTarget section */

/* Begin PBXProject section */
		C9D98C6E25E57932009DD420 /* Project object */ = {
			isa = PBXProject;
			attributes = {
				LastSwiftUpdateCheck = 1200;
				LastUpgradeCheck = 1200;
				TargetAttributes = {
					C9D98C7525E57932009DD420 = {
						CreatedOnToolsVersion = 12.0.1;
					};
				};
			};
			buildConfigurationList = C9D98C7125E57932009DD420 /* Build configuration list for PBXProject "LandmarkApp" */;
			compatibilityVersion = "Xcode 9.3";
			developmentRegion = en;
			hasScannedForEncodings = 0;
			knownRegions = (
				en,
				Base,
			);
			mainGroup = C9D98C6D25E57932009DD420;
			productRefGroup = C9D98C7725E57932009DD420 /* Products */;
			projectDirPath = "";
			projectRoot = "";
			targets = (
				C9D98C7525E57932009DD420 /* LandmarkApp */,
			);
		};
/* End PBXProject section */

/* Begin PBXResourcesBuildPhase section */
		C9D98C7425E57932009DD420 /* Resources */ = {
			isa = PBXResourcesBuildPhase;
			buildActionMask = 2147483647;
			files = (
				C9D98C8625E57934009DD420 /* LaunchScreen.storyboard in Resources */,
				C98F07B125E5914E006753F8 /* landmarkData.json in Resources */,
				C9D98C8325E57934009DD420 /* Preview Assets.xcassets in Resources */,
				C9D98C8025E57934009DD420 /* Assets.xcassets in Resources */,
				C942F9EF25EE54A500EC040F /* hikeData.json in Resources */,
			);
			runOnlyForDeploymentPostprocessing = 0;
		};
/* End PBXResourcesBuildPhase section */

/* Begin PBXSourcesBuildPhase section */
		C9D98C7225E57932009DD420 /* Sources */ = {
			isa = PBXSourcesBuildPhase;
			buildActionMask = 2147483647;
			files = (
				C9D98C7A25E57932009DD420 /* AppDelegate.swift in Sources */,
				C942F9EC25EE51D500EC040F /* Badge.swift in Sources */,
				C957995625EFEA71000DBBE6 /* ProfileEditor.swift in Sources */,
				C957995025EFCEE5000DBBE6 /* ProfileSummary.swift in Sources */,
				C98F07AB25E585E7006753F8 /* CircleImage.swift in Sources */,
				C957994925EFCD40000DBBE6 /* Profile.swift in Sources */,
				C98F07AE25E586F4006753F8 /* MapView.swift in Sources */,
				C9D98C7C25E57932009DD420 /* SceneDelegate.swift in Sources */,
				C957994D25EFCE0B000DBBE6 /* ProfileHost.swift in Sources */,
				C967596525EAEF1300E6E64A /* LandmarksApp.swift in Sources */,
				C942F9F225EE54E600EC040F /* Hike.swift in Sources */,
				C98F07C225E5A0AB006753F8 /* LandmarkList.swift in Sources */,
				C98F07B425E5916C006753F8 /* Landmark.swift in Sources */,
				C9D98C7E25E57932009DD420 /* ContentView.swift in Sources */,
				C957994325EEC258000DBBE6 /* CategoryRow.swift in Sources */,
				C942F9E425EE4B1000EC040F /* BadgeSymbol.swift in Sources */,
				C942F9FB25EE580B00EC040F /* HikeDetail.swift in Sources */,
				C98F07BE25E59A84006753F8 /* LandmarkRow.swift in Sources */,
				C942F9FC25EE580B00EC040F /* HikeView.swift in Sources */,
				C9EA881F25ED23030063F860 /* BadgeBackground.swift in Sources */,
				C942F9FA25EE580B00EC040F /* HikeGraph.swift in Sources */,
				C9EA881C25ED21B40063F860 /* HexagonParameters.swift in Sources */,
				C957995325EFD8A2000DBBE6 /* HikeBadge.swift in Sources */,
				C957994625EED04B000DBBE6 /* CategoryItem.swift in Sources */,
				C967596825EAF22E00E6E64A /* FavouriteButton.swift in Sources */,
				C98F07C525E5A1A2006753F8 /* LandmarkDetail.swift in Sources */,
				C98F07B825E596DD006753F8 /* ModelData.swift in Sources */,
				C942F9F925EE580B00EC040F /* GraphCapsule.swift in Sources */,
				C957993F25EEBB79000DBBE6 /* CategoryHome.swift in Sources */,
				C942F9E825EE515100EC040F /* RotatedBadgeSymbol.swift in Sources */,
			);
			runOnlyForDeploymentPostprocessing = 0;
		};
/* End PBXSourcesBuildPhase section */

/* Begin PBXVariantGroup section */
		C9D98C8425E57934009DD420 /* LaunchScreen.storyboard */ = {
			isa = PBXVariantGroup;
			children = (
				C9D98C8525E57934009DD420 /* Base */,
			);
			name = LaunchScreen.storyboard;
			sourceTree = "<group>";
		};
/* End PBXVariantGroup section */

/* Begin XCBuildConfiguration section */
		C9D98C8825E57934009DD420 /* Debug */ = {
			isa = XCBuildConfiguration;
			buildSettings = {
				ALWAYS_SEARCH_USER_PATHS = NO;
				CLANG_ANALYZER_NONNULL = YES;
				CLANG_ANALYZER_NUMBER_OBJECT_CONVERSION = YES_AGGRESSIVE;
				CLANG_CXX_LANGUAGE_STANDARD = "gnu++14";
				CLANG_CXX_LIBRARY = "libc++";
				CLANG_ENABLE_MODULES = YES;
				CLANG_ENABLE_OBJC_ARC = YES;
				CLANG_ENABLE_OBJC_WEAK = YES;
				CLANG_WARN_BLOCK_CAPTURE_AUTORELEASING = YES;
				CLANG_WARN_BOOL_CONVERSION = YES;
				CLANG_WARN_COMMA = YES;
				CLANG_WARN_CONSTANT_CONVERSION = YES;
				CLANG_WARN_DEPRECATED_OBJC_IMPLEMENTATIONS = YES;
				CLANG_WARN_DIRECT_OBJC_ISA_USAGE = YES_ERROR;
				CLANG_WARN_DOCUMENTATION_COMMENTS = YES;
				CLANG_WARN_EMPTY_BODY = YES;
				CLANG_WARN_ENUM_CONVERSION = YES;
				CLANG_WARN_INFINITE_RECURSION = YES;
				CLANG_WARN_INT_CONVERSION = YES;
				CLANG_WARN_NON_LITERAL_NULL_CONVERSION = YES;
				CLANG_WARN_OBJC_IMPLICIT_RETAIN_SELF = YES;
				CLANG_WARN_OBJC_LITERAL_CONVERSION = YES;
				CLANG_WARN_OBJC_ROOT_CLASS = YES_ERROR;
				CLANG_WARN_QUOTED_INCLUDE_IN_FRAMEWORK_HEADER = YES;
				CLANG_WARN_RANGE_LOOP_ANALYSIS = YES;
				CLANG_WARN_STRICT_PROTOTYPES = YES;
				CLANG_WARN_SUSPICIOUS_MOVE = YES;
				CLANG_WARN_UNGUARDED_AVAILABILITY = YES_AGGRESSIVE;
				CLANG_WARN_UNREACHABLE_CODE = YES;
				CLANG_WARN__DUPLICATE_METHOD_MATCH = YES;
				COPY_PHASE_STRIP = NO;
				DEBUG_INFORMATION_FORMAT = dwarf;
				ENABLE_STRICT_OBJC_MSGSEND = YES;
				ENABLE_TESTABILITY = YES;
				GCC_C_LANGUAGE_STANDARD = gnu11;
				GCC_DYNAMIC_NO_PIC = NO;
				GCC_NO_COMMON_BLOCKS = YES;
				GCC_OPTIMIZATION_LEVEL = 0;
				GCC_PREPROCESSOR_DEFINITIONS = (
					"DEBUG=1",
					"$(inherited)",
				);
				GCC_WARN_64_TO_32_BIT_CONVERSION = YES;
				GCC_WARN_ABOUT_RETURN_TYPE = YES_ERROR;
				GCC_WARN_UNDECLARED_SELECTOR = YES;
				GCC_WARN_UNINITIALIZED_AUTOS = YES_AGGRESSIVE;
				GCC_WARN_UNUSED_FUNCTION = YES;
				GCC_WARN_UNUSED_VARIABLE = YES;
				IPHONEOS_DEPLOYMENT_TARGET = 14.0;
				MTL_ENABLE_DEBUG_INFO = INCLUDE_SOURCE;
				MTL_FAST_MATH = YES;
				ONLY_ACTIVE_ARCH = YES;
				SDKROOT = iphoneos;
				SWIFT_ACTIVE_COMPILATION_CONDITIONS = DEBUG;
				SWIFT_OPTIMIZATION_LEVEL = "-Onone";
			};
			name = Debug;
		};
		C9D98C8925E57934009DD420 /* Release */ = {
			isa = XCBuildConfiguration;
			buildSettings = {
				ALWAYS_SEARCH_USER_PATHS = NO;
				CLANG_ANALYZER_NONNULL = YES;
				CLANG_ANALYZER_NUMBER_OBJECT_CONVERSION = YES_AGGRESSIVE;
				CLANG_CXX_LANGUAGE_STANDARD = "gnu++14";
				CLANG_CXX_LIBRARY = "libc++";
				CLANG_ENABLE_MODULES = YES;
				CLANG_ENABLE_OBJC_ARC = YES;
				CLANG_ENABLE_OBJC_WEAK = YES;
				CLANG_WARN_BLOCK_CAPTURE_AUTORELEASING = YES;
				CLANG_WARN_BOOL_CONVERSION = YES;
				CLANG_WARN_COMMA = YES;
				CLANG_WARN_CONSTANT_CONVERSION = YES;
				CLANG_WARN_DEPRECATED_OBJC_IMPLEMENTATIONS = YES;
				CLANG_WARN_DIRECT_OBJC_ISA_USAGE = YES_ERROR;
				CLANG_WARN_DOCUMENTATION_COMMENTS = YES;
				CLANG_WARN_EMPTY_BODY = YES;
				CLANG_WARN_ENUM_CONVERSION = YES;
				CLANG_WARN_INFINITE_RECURSION = YES;
				CLANG_WARN_INT_CONVERSION = YES;
				CLANG_WARN_NON_LITERAL_NULL_CONVERSION = YES;
				CLANG_WARN_OBJC_IMPLICIT_RETAIN_SELF = YES;
				CLANG_WARN_OBJC_LITERAL_CONVERSION = YES;
				CLANG_WARN_OBJC_ROOT_CLASS = YES_ERROR;
				CLANG_WARN_QUOTED_INCLUDE_IN_FRAMEWORK_HEADER = YES;
				CLANG_WARN_RANGE_LOOP_ANALYSIS = YES;
				CLANG_WARN_STRICT_PROTOTYPES = YES;
				CLANG_WARN_SUSPICIOUS_MOVE = YES;
				CLANG_WARN_UNGUARDED_AVAILABILITY = YES_AGGRESSIVE;
				CLANG_WARN_UNREACHABLE_CODE = YES;
				CLANG_WARN__DUPLICATE_METHOD_MATCH = YES;
				COPY_PHASE_STRIP = NO;
				DEBUG_INFORMATION_FORMAT = "dwarf-with-dsym";
				ENABLE_NS_ASSERTIONS = NO;
				ENABLE_STRICT_OBJC_MSGSEND = YES;
				GCC_C_LANGUAGE_STANDARD = gnu11;
				GCC_NO_COMMON_BLOCKS = YES;
				GCC_WARN_64_TO_32_BIT_CONVERSION = YES;
				GCC_WARN_ABOUT_RETURN_TYPE = YES_ERROR;
				GCC_WARN_UNDECLARED_SELECTOR = YES;
				GCC_WARN_UNINITIALIZED_AUTOS = YES_AGGRESSIVE;
				GCC_WARN_UNUSED_FUNCTION = YES;
				GCC_WARN_UNUSED_VARIABLE = YES;
				IPHONEOS_DEPLOYMENT_TARGET = 14.0;
				MTL_ENABLE_DEBUG_INFO = NO;
				MTL_FAST_MATH = YES;
				SDKROOT = iphoneos;
				SWIFT_COMPILATION_MODE = wholemodule;
				SWIFT_OPTIMIZATION_LEVEL = "-O";
				VALIDATE_PRODUCT = YES;
			};
			name = Release;
		};
		C9D98C8B25E57934009DD420 /* Debug */ = {
			isa = XCBuildConfiguration;
			buildSettings = {
				ASSETCATALOG_COMPILER_APPICON_NAME = AppIcon;
				ASSETCATALOG_COMPILER_GLOBAL_ACCENT_COLOR_NAME = AccentColor;
				CODE_SIGN_STYLE = Automatic;
				DEVELOPMENT_ASSET_PATHS = "\"LandmarkApp/Preview Content\"";
				DEVELOPMENT_TEAM = Z2C9R92NA2;
				ENABLE_PREVIEWS = YES;
				INFOPLIST_FILE = LandmarkApp/Info.plist;
				LD_RUNPATH_SEARCH_PATHS = (
					"$(inherited)",
					"@executable_path/Frameworks",
				);
				PRODUCT_BUNDLE_IDENTIFIER = com.nocompany.LandmarkApp;
				PRODUCT_NAME = "$(TARGET_NAME)";
				SWIFT_VERSION = 5.0;
				TARGETED_DEVICE_FAMILY = "1,2";
			};
			name = Debug;
		};
		C9D98C8C25E57934009DD420 /* Release */ = {
			isa = XCBuildConfiguration;
			buildSettings = {
				ASSETCATALOG_COMPILER_APPICON_NAME = AppIcon;
				ASSETCATALOG_COMPILER_GLOBAL_ACCENT_COLOR_NAME = AccentColor;
				CODE_SIGN_STYLE = Automatic;
				DEVELOPMENT_ASSET_PATHS = "\"LandmarkApp/Preview Content\"";
				DEVELOPMENT_TEAM = Z2C9R92NA2;
				ENABLE_PREVIEWS = YES;
				INFOPLIST_FILE = LandmarkApp/Info.plist;
				LD_RUNPATH_SEARCH_PATHS = (
					"$(inherited)",
					"@executable_path/Frameworks",
				);
				PRODUCT_BUNDLE_IDENTIFIER = com.nocompany.LandmarkApp;
				PRODUCT_NAME = "$(TARGET_NAME)";
				SWIFT_VERSION = 5.0;
				TARGETED_DEVICE_FAMILY = "1,2";
			};
			name = Release;
		};
/* End XCBuildConfiguration section */

/* Begin XCConfigurationList section */
		C9D98C7125E57932009DD420 /* Build configuration list for PBXProject "LandmarkApp" */ = {
			isa = XCConfigurationList;
			buildConfigurations = (
				C9D98C8825E57934009DD420 /* Debug */,
				C9D98C8925E57934009DD420 /* Release */,
			);
			defaultConfigurationIsVisible = 0;
			defaultConfigurationName = Release;
		};
		C9D98C8A25E57934009DD420 /* Build configuration list for PBXNativeTarget "LandmarkApp" */ = {
			isa = XCConfigurationList;
			buildConfigurations = (
				C9D98C8B25E57934009DD420 /* Debug */,
				C9D98C8C25E57934009DD420 /* Release */,
			);
			defaultConfigurationIsVisible = 0;
			defaultConfigurationName = Release;
		};
/* End XCConfigurationList section */
	};
	rootObject = C9D98C6E25E57932009DD420 /* Project object */;
}
